
Microsoft Visual Studio Solution File, Format Version 12.00
# Visual Studio Version 17
VisualStudioVersion = 17.2.32802.462
MinimumVisualStudioVersion = 10.0.40219.1
Project("{FAE04EC0-301F-11D3-BF4B-00C04F79EFBC}") = "ZH3_vxjq3v", "ZH3_vxjq3v\ZH3_vxjq3v.csproj", "{63F4036F-E344-4775-B533-19826124A8A1}"
EndProject
Global
	GlobalSection(SolutionConfigurationPlatforms) = preSolution
		Debug|Any CPU = Debug|Any CPU
		Release|Any CPU = Release|Any CPU
	EndGlobalSection
	GlobalSection(ProjectConfigurationPlatforms) = postSolution
		{63F4036F-E344-4775-B533-19826124A8A1}.Debug|Any CPU.ActiveCfg = Debug|Any CPU
		{63F4036F-E344-4775-B533-19826124A8A1}.Debug|Any CPU.Build.0 = Debug|Any CPU
		{63F4036F-E344-4775-B533-19826124A8A1}.Release|Any CPU.ActiveCfg = Release|Any CPU
		{63F4036F-E344-4775-B533-19826124A8A1}.Release|Any CPU.Build.0 = Release|Any CPU
	EndGlobalSection
	GlobalSection(SolutionProperties) = preSolution
		HideSolutionNode = FALSE
	EndGlobalSection
	GlobalSection(ExtensibilityGlobals) = postSolution
		SolutionGuid = {3E73AB84-DB17-4498-8583-6DADEFB4ED60}
	EndGlobalSection
EndGlobal
